
Microsoft Visual Studio Solution File, Format Version 12.00
# Visual Studio Version 17
VisualStudioVersion = 17.9.34616.47
MinimumVisualStudioVersion = 10.0.40219.1
Project("{FAE04EC0-301F-11D3-BF4B-00C04F79EFBC}") = "Calculadora de Viajes", "Calculadora de Viajes\Calculadora de Viajes.csproj", "{7BFD8454-9FFB-4777-BEAB-6C29AB8D039F}"
EndProject
Global
	GlobalSection(SolutionConfigurationPlatforms) = preSolution
		Debug|Any CPU = Debug|Any CPU
		Release|Any CPU = Release|Any CPU
	EndGlobalSection
	GlobalSection(ProjectConfigurationPlatforms) = postSolution
		{7BFD8454-9FFB-4777-BEAB-6C29AB8D039F}.Debug|Any CPU.ActiveCfg = Debug|Any CPU
		{7BFD8454-9FFB-4777-BEAB-6C29AB8D039F}.Debug|Any CPU.Build.0 = Debug|Any CPU
		{7BFD8454-9FFB-4777-BEAB-6C29AB8D039F}.Release|Any CPU.ActiveCfg = Release|Any CPU
		{7BFD8454-9FFB-4777-BEAB-6C29AB8D039F}.Release|Any CPU.Build.0 = Release|Any CPU
	EndGlobalSection
	GlobalSection(SolutionProperties) = preSolution
		HideSolutionNode = FALSE
	EndGlobalSection
	GlobalSection(ExtensibilityGlobals) = postSolution
		SolutionGuid = {0E152E75-EC40-4BCC-B27B-46C124D0CAFD}
	EndGlobalSection
EndGlobal
